
Microsoft Visual Studio Solution File, Format Version 12.00
# Visual Studio Version 17
VisualStudioVersion = 17.7.34221.43
MinimumVisualStudioVersion = 10.0.40219.1
Project("{FAE04EC0-301F-11D3-BF4B-00C04F79EFBC}") = "TiendaAPI", "TiendaAPI\TiendaAPI.csproj", "{1B79E162-DF91-4725-B8EB-014B0A7AF6EF}"
EndProject
Global
	GlobalSection(SolutionConfigurationPlatforms) = preSolution
		Debug|Any CPU = Debug|Any CPU
		Release|Any CPU = Release|Any CPU
	EndGlobalSection
	GlobalSection(ProjectConfigurationPlatforms) = postSolution
		{1B79E162-DF91-4725-B8EB-014B0A7AF6EF}.Debug|Any CPU.ActiveCfg = Debug|Any CPU
		{1B79E162-DF91-4725-B8EB-014B0A7AF6EF}.Debug|Any CPU.Build.0 = Debug|Any CPU
		{1B79E162-DF91-4725-B8EB-014B0A7AF6EF}.Release|Any CPU.ActiveCfg = Release|Any CPU
		{1B79E162-DF91-4725-B8EB-014B0A7AF6EF}.Release|Any CPU.Build.0 = Release|Any CPU
	EndGlobalSection
	GlobalSection(SolutionProperties) = preSolution
		HideSolutionNode = FALSE
	EndGlobalSection
	GlobalSection(ExtensibilityGlobals) = postSolution
		SolutionGuid = {3B0EEAFD-C4DD-42FD-8FBE-16D8432400E9}
	EndGlobalSection
EndGlobal
